// !$*UTF8*$!
{
	archiveVersion = 1;
	classes = {
	};
	objectVersion = 46;
	objects = {

/* Begin PBXBuildFile section */
		9C4228D91E57DFBB008F0D31 /* TimelineView.swift in Sources */ = {isa = PBXBuildFile; fileRef = 9C4228D81E57DFBB008F0D31 /* TimelineView.swift */; };
		9C4228DB1E57DFF3008F0D31 /* TimelineModel.swift in Sources */ = {isa = PBXBuildFile; fileRef = 9C4228DA1E57DFF3008F0D31 /* TimelineModel.swift */; };
		9C4228E31E57E41F008F0D31 /* Layouter.swift in Sources */ = {isa = PBXBuildFile; fileRef = 9C4228E21E57E41F008F0D31 /* Layouter.swift */; };
		9C4228E51E57E609008F0D31 /* TimelineCell.swift in Sources */ = {isa = PBXBuildFile; fileRef = 9C4228E41E57E609008F0D31 /* TimelineCell.swift */; };
		9C4228E71E57EA1C008F0D31 /* Color.swift in Sources */ = {isa = PBXBuildFile; fileRef = 9C4228E61E57EA1C008F0D31 /* Color.swift */; };
		9C4228E91E57EB1B008F0D31 /* Layer.swift in Sources */ = {isa = PBXBuildFile; fileRef = 9C4228E81E57EB1B008F0D31 /* Layer.swift */; };
		9C4228EB1E581D06008F0D31 /* Main.storyboard in Resources */ = {isa = PBXBuildFile; fileRef = 9C4228EA1E581D06008F0D31 /* Main.storyboard */; };
		9C4228ED1E581D6B008F0D31 /* TimelineHeaderView.swift in Sources */ = {isa = PBXBuildFile; fileRef = 9C4228EC1E581D6B008F0D31 /* TimelineHeaderView.swift */; };
		9C4228EF1E58573F008F0D31 /* DataModel.swift in Sources */ = {isa = PBXBuildFile; fileRef = 9C4228EE1E58573F008F0D31 /* DataModel.swift */; };
		9C4228F11E591724008F0D31 /* CalendarInfo.swift in Sources */ = {isa = PBXBuildFile; fileRef = 9C4228F01E591724008F0D31 /* CalendarInfo.swift */; };
		9C4228F31E591828008F0D31 /* Explorer.swift in Sources */ = {isa = PBXBuildFile; fileRef = 9C4228F21E591828008F0D31 /* Explorer.swift */; };
		9C4228F51E591945008F0D31 /* Tools.swift in Sources */ = {isa = PBXBuildFile; fileRef = 9C4228F41E591945008F0D31 /* Tools.swift */; };
		9C4228F71E59194C008F0D31 /* UITools.swift in Sources */ = {isa = PBXBuildFile; fileRef = 9C4228F61E59194C008F0D31 /* UITools.swift */; };
		B10343BB1E56F88300BE6BA7 /* TimelineController.swift in Sources */ = {isa = PBXBuildFile; fileRef = B10343BA1E56F88300BE6BA7 /* TimelineController.swift */; };
		B1C9FC831E5144D700E202C1 /* AppDelegate.swift in Sources */ = {isa = PBXBuildFile; fileRef = B1C9FC821E5144D700E202C1 /* AppDelegate.swift */; };
		B1C9FC8B1E5144D700E202C1 /* The_Day.xcdatamodeld in Sources */ = {isa = PBXBuildFile; fileRef = B1C9FC891E5144D700E202C1 /* The_Day.xcdatamodeld */; };
		B1C9FC8D1E5144D700E202C1 /* Assets.xcassets in Resources */ = {isa = PBXBuildFile; fileRef = B1C9FC8C1E5144D700E202C1 /* Assets.xcassets */; };
		B1C9FC901E5144D700E202C1 /* LaunchScreen.storyboard in Resources */ = {isa = PBXBuildFile; fileRef = B1C9FC8E1E5144D700E202C1 /* LaunchScreen.storyboard */; };
/* End PBXBuildFile section */

/* Begin PBXFileReference section */
		9C4228D81E57DFBB008F0D31 /* TimelineView.swift */ = {isa = PBXFileReference; fileEncoding = 4; lastKnownFileType = sourcecode.swift; path = TimelineView.swift; sourceTree = "<group>"; };
		9C4228DA1E57DFF3008F0D31 /* TimelineModel.swift */ = {isa = PBXFileReference; fileEncoding = 4; lastKnownFileType = sourcecode.swift; path = TimelineModel.swift; sourceTree = "<group>"; };
		9C4228E21E57E41F008F0D31 /* Layouter.swift */ = {isa = PBXFileReference; fileEncoding = 4; lastKnownFileType = sourcecode.swift; path = Layouter.swift; sourceTree = "<group>"; };
		9C4228E41E57E609008F0D31 /* TimelineCell.swift */ = {isa = PBXFileReference; fileEncoding = 4; lastKnownFileType = sourcecode.swift; path = TimelineCell.swift; sourceTree = "<group>"; };
		9C4228E61E57EA1C008F0D31 /* Color.swift */ = {isa = PBXFileReference; fileEncoding = 4; lastKnownFileType = sourcecode.swift; path = Color.swift; sourceTree = "<group>"; };
		9C4228E81E57EB1B008F0D31 /* Layer.swift */ = {isa = PBXFileReference; fileEncoding = 4; lastKnownFileType = sourcecode.swift; path = Layer.swift; sourceTree = "<group>"; };
		9C4228EA1E581D06008F0D31 /* Main.storyboard */ = {isa = PBXFileReference; fileEncoding = 4; lastKnownFileType = file.storyboard; path = Main.storyboard; sourceTree = "<group>"; };
		9C4228EC1E581D6B008F0D31 /* TimelineHeaderView.swift */ = {isa = PBXFileReference; fileEncoding = 4; lastKnownFileType = sourcecode.swift; path = TimelineHeaderView.swift; sourceTree = "<group>"; };
		9C4228EE1E58573F008F0D31 /* DataModel.swift */ = {isa = PBXFileReference; fileEncoding = 4; lastKnownFileType = sourcecode.swift; path = DataModel.swift; sourceTree = "<group>"; };
		9C4228F01E591724008F0D31 /* CalendarInfo.swift */ = {isa = PBXFileReference; fileEncoding = 4; lastKnownFileType = sourcecode.swift; path = CalendarInfo.swift; sourceTree = "<group>"; };
		9C4228F21E591828008F0D31 /* Explorer.swift */ = {isa = PBXFileReference; fileEncoding = 4; lastKnownFileType = sourcecode.swift; path = Explorer.swift; sourceTree = "<group>"; };
		9C4228F41E591945008F0D31 /* Tools.swift */ = {isa = PBXFileReference; fileEncoding = 4; lastKnownFileType = sourcecode.swift; path = Tools.swift; sourceTree = "<group>"; };
		9C4228F61E59194C008F0D31 /* UITools.swift */ = {isa = PBXFileReference; fileEncoding = 4; lastKnownFileType = sourcecode.swift; path = UITools.swift; sourceTree = "<group>"; };
		B10343BA1E56F88300BE6BA7 /* TimelineController.swift */ = {isa = PBXFileReference; fileEncoding = 4; lastKnownFileType = sourcecode.swift; path = TimelineController.swift; sourceTree = "<group>"; };
		B1C9FC7F1E5144D700E202C1 /* The_Day.app */ = {isa = PBXFileReference; explicitFileType = wrapper.application; includeInIndex = 0; path = The_Day.app; sourceTree = BUILT_PRODUCTS_DIR; };
		B1C9FC821E5144D700E202C1 /* AppDelegate.swift */ = {isa = PBXFileReference; lastKnownFileType = sourcecode.swift; path = AppDelegate.swift; sourceTree = "<group>"; };
		B1C9FC8A1E5144D700E202C1 /* The_Day.xcdatamodel */ = {isa = PBXFileReference; lastKnownFileType = wrapper.xcdatamodel; path = The_Day.xcdatamodel; sourceTree = "<group>"; };
		B1C9FC8C1E5144D700E202C1 /* Assets.xcassets */ = {isa = PBXFileReference; lastKnownFileType = folder.assetcatalog; path = Assets.xcassets; sourceTree = "<group>"; };
		B1C9FC8F1E5144D700E202C1 /* Base */ = {isa = PBXFileReference; lastKnownFileType = file.storyboard; name = Base; path = Base.lproj/LaunchScreen.storyboard; sourceTree = "<group>"; };
		B1C9FC911E5144D700E202C1 /* Info.plist */ = {isa = PBXFileReference; lastKnownFileType = text.plist.xml; path = Info.plist; sourceTree = "<group>"; };
/* End PBXFileReference section */

/* Begin PBXFrameworksBuildPhase section */
		B1C9FC7C1E5144D600E202C1 /* Frameworks */ = {
			isa = PBXFrameworksBuildPhase;
			buildActionMask = 2147483647;
			files = (
			);
			runOnlyForDeploymentPostprocessing = 0;
		};
/* End PBXFrameworksBuildPhase section */

/* Begin PBXGroup section */
		9C4228DC1E57E411008F0D31 /* Calendar */ = {
			isa = PBXGroup;
			children = (
			);
			path = Calendar;
			sourceTree = "<group>";
		};
		9C4228DD1E57E411008F0D31 /* Edit */ = {
			isa = PBXGroup;
			children = (
			);
			path = Edit;
			sourceTree = "<group>";
		};
		9C4228DE1E57E411008F0D31 /* Globals */ = {
			isa = PBXGroup;
			children = (
				9C4228DF1E57E411008F0D31 /* Database */,
				9C4228E01E57E411008F0D31 /* Extensions */,
				9C4228E11E57E411008F0D31 /* Tools */,
			);
			path = Globals;
			sourceTree = "<group>";
		};
		9C4228DF1E57E411008F0D31 /* Database */ = {
			isa = PBXGroup;
			children = (
				9C4228EE1E58573F008F0D31 /* DataModel.swift */,
			);
			path = Database;
			sourceTree = "<group>";
		};
		9C4228E01E57E411008F0D31 /* Extensions */ = {
			isa = PBXGroup;
			children = (
			);
			path = Extensions;
			sourceTree = "<group>";
		};
		9C4228E11E57E411008F0D31 /* Tools */ = {
			isa = PBXGroup;
			children = (
				9C4228E21E57E41F008F0D31 /* Layouter.swift */,
				9C4228E61E57EA1C008F0D31 /* Color.swift */,
				9C4228E81E57EB1B008F0D31 /* Layer.swift */,
				9C4228F01E591724008F0D31 /* CalendarInfo.swift */,
				9C4228F21E591828008F0D31 /* Explorer.swift */,
				9C4228F41E591945008F0D31 /* Tools.swift */,
				9C4228F61E59194C008F0D31 /* UITools.swift */,
			);
			path = Tools;
			sourceTree = "<group>";
		};
		B10343B71E56F7D400BE6BA7 /* Classes */ = {
			isa = PBXGroup;
			children = (
				9C4228DC1E57E411008F0D31 /* Calendar */,
				9C4228DD1E57E411008F0D31 /* Edit */,
				9C4228DE1E57E411008F0D31 /* Globals */,
				B10343B91E56F84300BE6BA7 /* Timeline */,
			);
			path = Classes;
			sourceTree = "<group>";
		};
		B10343B81E56F7D800BE6BA7 /* AppResources */ = {
			isa = PBXGroup;
			children = (
				B1C9FC821E5144D700E202C1 /* AppDelegate.swift */,
				B1C9FC911E5144D700E202C1 /* Info.plist */,
				B1C9FC891E5144D700E202C1 /* The_Day.xcdatamodeld */,
				B1C9FC8C1E5144D700E202C1 /* Assets.xcassets */,
				B1C9FC8E1E5144D700E202C1 /* LaunchScreen.storyboard */,
				9C4228EA1E581D06008F0D31 /* Main.storyboard */,
			);
			name = AppResources;
			sourceTree = "<group>";
		};
		B10343B91E56F84300BE6BA7 /* Timeline */ = {
			isa = PBXGroup;
			children = (
				B10343BA1E56F88300BE6BA7 /* TimelineController.swift */,
				9C4228D81E57DFBB008F0D31 /* TimelineView.swift */,
				9C4228EC1E581D6B008F0D31 /* TimelineHeaderView.swift */,
				9C4228DA1E57DFF3008F0D31 /* TimelineModel.swift */,
				9C4228E41E57E609008F0D31 /* TimelineCell.swift */,
			);
			path = Timeline;
			sourceTree = "<group>";
		};
		B1C9FC761E5144D600E202C1 = {
			isa = PBXGroup;
			children = (
				B1C9FC811E5144D700E202C1 /* The_Day */,
				B1C9FC801E5144D700E202C1 /* Products */,
			);
			sourceTree = "<group>";
		};
		B1C9FC801E5144D700E202C1 /* Products */ = {
			isa = PBXGroup;
			children = (
				B1C9FC7F1E5144D700E202C1 /* The_Day.app */,
			);
			name = Products;
			sourceTree = "<group>";
		};
		B1C9FC811E5144D700E202C1 /* The_Day */ = {
			isa = PBXGroup;
			children = (
				B10343B81E56F7D800BE6BA7 /* AppResources */,
				B10343B71E56F7D400BE6BA7 /* Classes */,
			);
			path = The_Day;
			sourceTree = "<group>";
		};
/* End PBXGroup section */

/* Begin PBXNativeTarget section */
		B1C9FC7E1E5144D600E202C1 /* The_Day */ = {
			isa = PBXNativeTarget;
			buildConfigurationList = B1C9FC941E5144D700E202C1 /* Build configuration list for PBXNativeTarget "The_Day" */;
			buildPhases = (
				B1C9FC7B1E5144D600E202C1 /* Sources */,
				B1C9FC7C1E5144D600E202C1 /* Frameworks */,
				B1C9FC7D1E5144D600E202C1 /* Resources */,
			);
			buildRules = (
			);
			dependencies = (
			);
			name = The_Day;
			productName = The_Day;
			productReference = B1C9FC7F1E5144D700E202C1 /* The_Day.app */;
			productType = "com.apple.product-type.application";
		};
/* End PBXNativeTarget section */

/* Begin PBXProject section */
		B1C9FC771E5144D600E202C1 /* Project object */ = {
			isa = PBXProject;
			attributes = {
				LastSwiftUpdateCheck = 0820;
				LastUpgradeCheck = 0820;
				ORGANIZATIONNAME = "黄穆斌";
				TargetAttributes = {
					B1C9FC7E1E5144D600E202C1 = {
						CreatedOnToolsVersion = 8.2.1;
						DevelopmentTeam = W6XAGW63EX;
						ProvisioningStyle = Automatic;
					};
				};
			};
			buildConfigurationList = B1C9FC7A1E5144D600E202C1 /* Build configuration list for PBXProject "The_Day" */;
			compatibilityVersion = "Xcode 3.2";
			developmentRegion = English;
			hasScannedForEncodings = 0;
			knownRegions = (
				en,
				Base,
			);
			mainGroup = B1C9FC761E5144D600E202C1;
			productRefGroup = B1C9FC801E5144D700E202C1 /* Products */;
			projectDirPath = "";
			projectRoot = "";
			targets = (
				B1C9FC7E1E5144D600E202C1 /* The_Day */,
			);
		};
/* End PBXProject section */

/* Begin PBXResourcesBuildPhase section */
		B1C9FC7D1E5144D600E202C1 /* Resources */ = {
			isa = PBXResourcesBuildPhase;
			buildActionMask = 2147483647;
			files = (
				9C4228EB1E581D06008F0D31 /* Main.storyboard in Resources */,
				B1C9FC901E5144D700E202C1 /* LaunchScreen.storyboard in Resources */,
				B1C9FC8D1E5144D700E202C1 /* Assets.xcassets in Resources */,
			);
			runOnlyForDeploymentPostprocessing = 0;
		};
/* End PBXResourcesBuildPhase section */

/* Begin PBXSourcesBuildPhase section */
		B1C9FC7B1E5144D600E202C1 /* Sources */ = {
			isa = PBXSourcesBuildPhase;
			buildActionMask = 2147483647;
			files = (
				9C4228E31E57E41F008F0D31 /* Layouter.swift in Sources */,
				9C4228E51E57E609008F0D31 /* TimelineCell.swift in Sources */,
				9C4228EF1E58573F008F0D31 /* DataModel.swift in Sources */,
				9C4228DB1E57DFF3008F0D31 /* TimelineModel.swift in Sources */,
				B10343BB1E56F88300BE6BA7 /* TimelineController.swift in Sources */,
				9C4228ED1E581D6B008F0D31 /* TimelineHeaderView.swift in Sources */,
				B1C9FC8B1E5144D700E202C1 /* The_Day.xcdatamodeld in Sources */,
				9C4228F71E59194C008F0D31 /* UITools.swift in Sources */,
				9C4228F11E591724008F0D31 /* CalendarInfo.swift in Sources */,
				9C4228E71E57EA1C008F0D31 /* Color.swift in Sources */,
				9C4228E91E57EB1B008F0D31 /* Layer.swift in Sources */,
				B1C9FC831E5144D700E202C1 /* AppDelegate.swift in Sources */,
				9C4228F51E591945008F0D31 /* Tools.swift in Sources */,
				9C4228F31E591828008F0D31 /* Explorer.swift in Sources */,
				9C4228D91E57DFBB008F0D31 /* TimelineView.swift in Sources */,
			);
			runOnlyForDeploymentPostprocessing = 0;
		};
/* End PBXSourcesBuildPhase section */

/* Begin PBXVariantGroup section */
		B1C9FC8E1E5144D700E202C1 /* LaunchScreen.storyboard */ = {
			isa = PBXVariantGroup;
			children = (
				B1C9FC8F1E5144D700E202C1 /* Base */,
			);
			name = LaunchScreen.storyboard;
			sourceTree = "<group>";
		};
/* End PBXVariantGroup section */

/* Begin XCBuildConfiguration section */
		B1C9FC921E5144D700E202C1 /* Debug */ = {
			isa = XCBuildConfiguration;
			buildSettings = {
				ALWAYS_SEARCH_USER_PATHS = NO;
				CLANG_ANALYZER_NONNULL = YES;
				CLANG_CXX_LANGUAGE_STANDARD = "gnu++0x";
				CLANG_CXX_LIBRARY = "libc++";
				CLANG_ENABLE_MODULES = YES;
				CLANG_ENABLE_OBJC_ARC = YES;
				CLANG_WARN_BOOL_CONVERSION = YES;
				CLANG_WARN_CONSTANT_CONVERSION = YES;
				CLANG_WARN_DIRECT_OBJC_ISA_USAGE = YES_ERROR;
				CLANG_WARN_DOCUMENTATION_COMMENTS = YES;
				CLANG_WARN_EMPTY_BODY = YES;
				CLANG_WARN_ENUM_CONVERSION = YES;
				CLANG_WARN_INFINITE_RECURSION = YES;
				CLANG_WARN_INT_CONVERSION = YES;
				CLANG_WARN_OBJC_ROOT_CLASS = YES_ERROR;
				CLANG_WARN_SUSPICIOUS_MOVE = YES;
				CLANG_WARN_UNREACHABLE_CODE = YES;
				CLANG_WARN__DUPLICATE_METHOD_MATCH = YES;
				"CODE_SIGN_IDENTITY[sdk=iphoneos*]" = "iPhone Developer";
				COPY_PHASE_STRIP = NO;
				DEBUG_INFORMATION_FORMAT = dwarf;
				ENABLE_STRICT_OBJC_MSGSEND = YES;
				ENABLE_TESTABILITY = YES;
				GCC_C_LANGUAGE_STANDARD = gnu99;
				GCC_DYNAMIC_NO_PIC = NO;
				GCC_NO_COMMON_BLOCKS = YES;
				GCC_OPTIMIZATION_LEVEL = 0;
				GCC_PREPROCESSOR_DEFINITIONS = (
					"DEBUG=1",
					"$(inherited)",
				);
				GCC_WARN_64_TO_32_BIT_CONVERSION = YES;
				GCC_WARN_ABOUT_RETURN_TYPE = YES_ERROR;
				GCC_WARN_UNDECLARED_SELECTOR = YES;
				GCC_WARN_UNINITIALIZED_AUTOS = YES_AGGRESSIVE;
				GCC_WARN_UNUSED_FUNCTION = YES;
				GCC_WARN_UNUSED_VARIABLE = YES;
				IPHONEOS_DEPLOYMENT_TARGET = 10.2;
				MTL_ENABLE_DEBUG_INFO = YES;
				ONLY_ACTIVE_ARCH = YES;
				SDKROOT = iphoneos;
				SWIFT_ACTIVE_COMPILATION_CONDITIONS = DEBUG;
				SWIFT_OPTIMIZATION_LEVEL = "-Onone";
				TARGETED_DEVICE_FAMILY = "1,2";
			};
			name = Debug;
		};
		B1C9FC931E5144D700E202C1 /* Release */ = {
			isa = XCBuildConfiguration;
			buildSettings = {
				ALWAYS_SEARCH_USER_PATHS = NO;
				CLANG_ANALYZER_NONNULL = YES;
				CLANG_CXX_LANGUAGE_STANDARD = "gnu++0x";
				CLANG_CXX_LIBRARY = "libc++";
				CLANG_ENABLE_MODULES = YES;
				CLANG_ENABLE_OBJC_ARC = YES;
				CLANG_WARN_BOOL_CONVERSION = YES;
				CLANG_WARN_CONSTANT_CONVERSION = YES;
				CLANG_WARN_DIRECT_OBJC_ISA_USAGE = YES_ERROR;
				CLANG_WARN_DOCUMENTATION_COMMENTS = YES;
				CLANG_WARN_EMPTY_BODY = YES;
				CLANG_WARN_ENUM_CONVERSION = YES;
				CLANG_WARN_INFINITE_RECURSION = YES;
				CLANG_WARN_INT_CONVERSION = YES;
				CLANG_WARN_OBJC_ROOT_CLASS = YES_ERROR;
				CLANG_WARN_SUSPICIOUS_MOVE = YES;
				CLANG_WARN_UNREACHABLE_CODE = YES;
				CLANG_WARN__DUPLICATE_METHOD_MATCH = YES;
				"CODE_SIGN_IDENTITY[sdk=iphoneos*]" = "iPhone Developer";
				COPY_PHASE_STRIP = NO;
				DEBUG_INFORMATION_FORMAT = "dwarf-with-dsym";
				ENABLE_NS_ASSERTIONS = NO;
				ENABLE_STRICT_OBJC_MSGSEND = YES;
				GCC_C_LANGUAGE_STANDARD = gnu99;
				GCC_NO_COMMON_BLOCKS = YES;
				GCC_WARN_64_TO_32_BIT_CONVERSION = YES;
				GCC_WARN_ABOUT_RETURN_TYPE = YES_ERROR;
				GCC_WARN_UNDECLARED_SELECTOR = YES;
				GCC_WARN_UNINITIALIZED_AUTOS = YES_AGGRESSIVE;
				GCC_WARN_UNUSED_FUNCTION = YES;
				GCC_WARN_UNUSED_VARIABLE = YES;
				IPHONEOS_DEPLOYMENT_TARGET = 10.2;
				MTL_ENABLE_DEBUG_INFO = NO;
				SDKROOT = iphoneos;
				SWIFT_OPTIMIZATION_LEVEL = "-Owholemodule";
				TARGETED_DEVICE_FAMILY = "1,2";
				VALIDATE_PRODUCT = YES;
			};
			name = Release;
		};
		B1C9FC951E5144D700E202C1 /* Debug */ = {
			isa = XCBuildConfiguration;
			buildSettings = {
				ASSETCATALOG_COMPILER_APPICON_NAME = AppIcon;
				DEVELOPMENT_TEAM = W6XAGW63EX;
				INFOPLIST_FILE = The_Day/Info.plist;
				IPHONEOS_DEPLOYMENT_TARGET = 10.0;
				LD_RUNPATH_SEARCH_PATHS = "$(inherited) @executable_path/Frameworks";
				PRODUCT_BUNDLE_IDENTIFIER = "Myron.The-Day";
				PRODUCT_NAME = "$(TARGET_NAME)";
				SWIFT_VERSION = 3.0;
			};
			name = Debug;
		};
		B1C9FC961E5144D700E202C1 /* Release */ = {
			isa = XCBuildConfiguration;
			buildSettings = {
				ASSETCATALOG_COMPILER_APPICON_NAME = AppIcon;
				DEVELOPMENT_TEAM = W6XAGW63EX;
				INFOPLIST_FILE = The_Day/Info.plist;
				IPHONEOS_DEPLOYMENT_TARGET = 10.0;
				LD_RUNPATH_SEARCH_PATHS = "$(inherited) @executable_path/Frameworks";
				PRODUCT_BUNDLE_IDENTIFIER = "Myron.The-Day";
				PRODUCT_NAME = "$(TARGET_NAME)";
				SWIFT_VERSION = 3.0;
			};
			name = Release;
		};
/* End XCBuildConfiguration section */

/* Begin XCConfigurationList section */
		B1C9FC7A1E5144D600E202C1 /* Build configuration list for PBXProject "The_Day" */ = {
			isa = XCConfigurationList;
			buildConfigurations = (
				B1C9FC921E5144D700E202C1 /* Debug */,
				B1C9FC931E5144D700E202C1 /* Release */,
			);
			defaultConfigurationIsVisible = 0;
			defaultConfigurationName = Release;
		};
		B1C9FC941E5144D700E202C1 /* Build configuration list for PBXNativeTarget "The_Day" */ = {
			isa = XCConfigurationList;
			buildConfigurations = (
				B1C9FC951E5144D700E202C1 /* Debug */,
				B1C9FC961E5144D700E202C1 /* Release */,
			);
			defaultConfigurationIsVisible = 0;
			defaultConfigurationName = Release;
		};
/* End XCConfigurationList section */

/* Begin XCVersionGroup section */
		B1C9FC891E5144D700E202C1 /* The_Day.xcdatamodeld */ = {
			isa = XCVersionGroup;
			children = (
				B1C9FC8A1E5144D700E202C1 /* The_Day.xcdatamodel */,
			);
			currentVersion = B1C9FC8A1E5144D700E202C1 /* The_Day.xcdatamodel */;
			path = The_Day.xcdatamodeld;
			sourceTree = "<group>";
			versionGroupType = wrapper.xcdatamodel;
		};
/* End XCVersionGroup section */
	};
	rootObject = B1C9FC771E5144D600E202C1 /* Project object */;
}
